
Microsoft Visual Studio Solution File, Format Version 12.00
# Visual Studio 15
VisualStudioVersion = 15.0.27130.2010
MinimumVisualStudioVersion = 10.0.40219.1
Project("{FAE04EC0-301F-11D3-BF4B-00C04F79EFBC}") = "sysbuffer.Android", "sysbuffer\sysbuffer.Android\sysbuffer.Android.csproj", "{CC46B9E5-7AFE-4A75-B5A5-0285B88F805A}"
EndProject
Project("{D954291E-2A0B-460D-934E-DC6B0785DB48}") = "sysbuffer", "sysbuffer\sysbuffer\sysbuffer.shproj", "{CE10925D-8513-47FE-A6DE-5203DD7BF4D3}"
EndProject
Global
	GlobalSection(SharedMSBuildProjectFiles) = preSolution
		sysbuffer\sysbuffer\sysbuffer.projitems*{cc46b9e5-7afe-4a75-b5a5-0285b88f805a}*SharedItemsImports = 4
		sysbuffer\sysbuffer\sysbuffer.projitems*{ce10925d-8513-47fe-a6de-5203dd7bf4d3}*SharedItemsImports = 13
	EndGlobalSection
	GlobalSection(SolutionConfigurationPlatforms) = preSolution
		Debug|Any CPU = Debug|Any CPU
		Release|Any CPU = Release|Any CPU
	EndGlobalSection
	GlobalSection(ProjectConfigurationPlatforms) = postSolution
		{CC46B9E5-7AFE-4A75-B5A5-0285B88F805A}.Debug|Any CPU.ActiveCfg = Debug|Any CPU
		{CC46B9E5-7AFE-4A75-B5A5-0285B88F805A}.Debug|Any CPU.Build.0 = Debug|Any CPU
		{CC46B9E5-7AFE-4A75-B5A5-0285B88F805A}.Debug|Any CPU.Deploy.0 = Debug|Any CPU
		{CC46B9E5-7AFE-4A75-B5A5-0285B88F805A}.Release|Any CPU.ActiveCfg = Release|Any CPU
		{CC46B9E5-7AFE-4A75-B5A5-0285B88F805A}.Release|Any CPU.Build.0 = Release|Any CPU
		{CC46B9E5-7AFE-4A75-B5A5-0285B88F805A}.Release|Any CPU.Deploy.0 = Release|Any CPU
	EndGlobalSection
	GlobalSection(SolutionProperties) = preSolution
		HideSolutionNode = FALSE
	EndGlobalSection
	GlobalSection(ExtensibilityGlobals) = postSolution
		SolutionGuid = {F27E22FB-B909-48E3-ACE7-A5EEFA78DC40}
	EndGlobalSection
EndGlobal
